
Microsoft Visual Studio Solution File, Format Version 12.00
# Visual Studio Version 17
VisualStudioVersion = 17.5.33530.505
MinimumVisualStudioVersion = 10.0.40219.1
Project("{FAE04EC0-301F-11D3-BF4B-00C04F79EFBC}") = "Administrasi", "Administrasi\Administrasi.csproj", "{82A797A3-6A4D-451C-94E6-F0F9D032D3A8}"
EndProject
Global
	GlobalSection(SolutionConfigurationPlatforms) = preSolution
		Debug|Any CPU = Debug|Any CPU
		Release|Any CPU = Release|Any CPU
	EndGlobalSection
	GlobalSection(ProjectConfigurationPlatforms) = postSolution
		{82A797A3-6A4D-451C-94E6-F0F9D032D3A8}.Debug|Any CPU.ActiveCfg = Debug|Any CPU
		{82A797A3-6A4D-451C-94E6-F0F9D032D3A8}.Debug|Any CPU.Build.0 = Debug|Any CPU
		{82A797A3-6A4D-451C-94E6-F0F9D032D3A8}.Release|Any CPU.ActiveCfg = Release|Any CPU
		{82A797A3-6A4D-451C-94E6-F0F9D032D3A8}.Release|Any CPU.Build.0 = Release|Any CPU
	EndGlobalSection
	GlobalSection(SolutionProperties) = preSolution
		HideSolutionNode = FALSE
	EndGlobalSection
	GlobalSection(ExtensibilityGlobals) = postSolution
		SolutionGuid = {99A0EA93-CAA6-4A26-A8A1-0BF65C2D05C8}
	EndGlobalSection
EndGlobal
